version = 1
revision = 3
requires-python = ">=3.11"

[[package]]
name = "altgraph"
version = "0.17.5"
source = { registry = "https://pypi.org/simple" }
sdist = { url = "https://files.pythonhosted.org/packages/7e/f8/97fdf103f38fed6792a1601dbc16cc8aac56e7459a9fff08c812d8ae177a/altgraph-0.17.5.tar.gz", hash = "sha256:c87b395dd12fabde9c99573a9749d67da8d29ef9de0125c7f536699b4a9bc9e7", size = 48428, upload-time = "2025-11-21T20:35:50.583Z" }
wheels = [
    { url = "https://files.pythonhosted.org/packages/a9/ba/000a1996d4308bc65120167c21241a3b205464a2e0b58deda26ae8ac21d1/altgraph-0.17.5-py2.py3-none-any.whl", hash = "sha256:f3a22400bce1b0c701683820ac4f3b159cd301acab067c51c653e06961600597", size = 21228, upload-time = "2025-11-21T20:35:49.444Z" },
]

[[package]]
name = "asyncio"
version = "4.0.0"
source = { registry = "https://pypi.org/simple" }
sdist = { url = "https://files.pythonhosted.org/packages/71/ea/26c489a11f7ca862d5705db67683a7361ce11c23a7b98fc6c2deaeccede2/asyncio-4.0.0.tar.gz", hash = "sha256:570cd9e50db83bc1629152d4d0b7558d6451bb1bfd5dfc2e935d96fc2f40329b", size = 5371, upload-time = "2025-08-05T02:51:46.605Z" }
wheels = [
    { url = "https://files.pythonhosted.org/packages/57/64/eff2564783bd650ca25e15938d1c5b459cda997574a510f7de69688cb0b4/asyncio-4.0.0-py3-none-any.whl", hash = "sha256:c1eddb0659231837046809e68103969b2bef8b0400d59cfa6363f6b5ed8cc88b", size = 5555, upload-time = "2025-08-05T02:51:45.767Z" },
]

[[package]]
name = "dotenv"
version = "0.9.9"
source = { registry = "https://pypi.org/simple" }
dependencies = [
    { name = "python-dotenv" },
]
wheels = [
    { url = "https://files.pythonhosted.org/packages/b2/b7/545d2c10c1fc15e48653c91efde329a790f2eecfbbf2bd16003b5db2bab0/dotenv-0.9.9-py2.py3-none-any.whl", hash = "sha256:29cf74a087b31dafdb5a446b6d7e11cbce8ed2741540e2339c69fbef92c94ce9", size = 1892, upload-time = "2025-02-19T22:15:01.647Z" },
]

[[package]]
name = "macholib"
version = "1.16.4"
source = { registry = "https://pypi.org/simple" }
dependencies = [
    { name = "altgraph" },
]
sdist = { url = "https://files.pythonhosted.org/packages/10/2f/97589876ea967487978071c9042518d28b958d87b17dceb7cdc1d881f963/macholib-1.16.4.tar.gz", hash = "sha256:f408c93ab2e995cd2c46e34fe328b130404be143469e41bc366c807448979362", size = 59427, upload-time = "2025-11-22T08:28:38.373Z" }
wheels = [
    { url = "https://files.pythonhosted.org/packages/c7/d1/a9f36f8ecdf0fb7c9b1e78c8d7af12b8c8754e74851ac7b94a8305540fc7/macholib-1.16.4-py2.py3-none-any.whl", hash = "sha256:da1a3fa8266e30f0ce7e97c6a54eefaae8edd1e5f86f3eb8b95457cae90265ea", size = 38117, upload-time = "2025-11-22T08:28:36.939Z" },
]

[[package]]
name = "packaging"
version = "26.0"
source = { registry = "https://pypi.org/simple" }
sdist = { url = "https://files.pythonhosted.org/packages/65/ee/299d360cdc32edc7d2cf530f3accf79c4fca01e96ffc950d8a52213bd8e4/packaging-26.0.tar.gz", hash = "sha256:00243ae351a257117b6a241061796684b084ed1c516a08c48a3f7e147a9d80b4", size = 143416, upload-time = "2026-01-21T20:50:39.064Z" }
wheels = [
    { url = "https://files.pythonhosted.org/packages/b7/b9/c538f279a4e237a006a2c98387d081e9eb060d203d8ed34467cc0f0b9b53/packaging-26.0-py3-none-any.whl", hash = "sha256:b36f1fef9334a5588b4166f8bcd26a14e521f2b55e6b9de3aaa80d3ff7a37529", size = 74366, upload-time = "2026-01-21T20:50:37.788Z" },
]

[[package]]
name = "pefile"
version = "2024.8.26"
source = { registry = "https://pypi.org/simple" }
sdist = { url = "https://files.pythonhosted.org/packages/03/4f/2750f7f6f025a1507cd3b7218691671eecfd0bbebebe8b39aa0fe1d360b8/pefile-2024.8.26.tar.gz", hash = "sha256:3ff6c5d8b43e8c37bb6e6dd5085658d658a7a0bdcd20b6a07b1fcfc1c4e9d632", size = 76008, upload-time = "2024-08-26T20:58:38.155Z" }
wheels = [
    { url = "https://files.pythonhosted.org/packages/54/16/12b82f791c7f50ddec566873d5bdd245baa1491bac11d15ffb98aecc8f8b/pefile-2024.8.26-py3-none-any.whl", hash = "sha256:76f8b485dcd3b1bb8166f1128d395fa3d87af26360c2358fb75b80019b957c6f", size = 74766, upload-time = "2024-08-26T21:01:02.632Z" },
]

[[package]]
name = "pyaes"
version = "1.6.1"
source = { registry = "https://pypi.org/simple" }
sdist = { url = "https://files.pythonhosted.org/packages/44/66/2c17bae31c906613795711fc78045c285048168919ace2220daa372c7d72/pyaes-1.6.1.tar.gz", hash = "sha256:02c1b1405c38d3c370b085fb952dd8bea3fadcee6411ad99f312cc129c536d8f", size = 28536, upload-time = "2017-09-20T21:17:54.23Z" }

[[package]]
name = "pyinstaller"
version = "6.18.0"
source = { registry = "https://pypi.org/simple" }
dependencies = [
    { name = "altgraph" },
    { name = "macholib", marker = "sys_platform == 'darwin'" },
    { name = "packaging" },
    { name = "pefile", marker = "sys_platform == 'win32'" },
    { name = "pyinstaller-hooks-contrib" },
    { name = "pywin32-ctypes", marker = "sys_platform == 'win32'" },
    { name = "setuptools" },
]
sdist = { url = "https://files.pythonhosted.org/packages/9f/b8/0fe3359920b0a4e7008e0e93ff383003763e3eee3eb31a07c52868722960/pyinstaller-6.18.0.tar.gz", hash = "sha256:cdc507542783511cad4856fce582fdc37e9f29665ca596889c663c83ec8c6ec9", size = 4034976, upload-time = "2026-01-13T03:13:23.886Z" }
wheels = [
    { url = "https://files.pythonhosted.org/packages/73/e6/51b0146a1a3eec619e58f5d69fb4e3d0f65a31cbddbeef557c9bb83eeed9/pyinstaller-6.18.0-py3-none-macosx_10_13_universal2.whl", hash = "sha256:cb7aa5a71bfa7c0af17a4a4e21855663c89e4bd7c40f1d337c8370636d8847c3", size = 1040056, upload-time = "2026-01-13T03:12:15.397Z" },
    { url = "https://files.pythonhosted.org/packages/4c/9c/a3634c0ec8e1ed31b373b548848b5c0b39b56edc191cf737e697d484ec23/pyinstaller-6.18.0-py3-none-manylinux2014_aarch64.whl", hash = "sha256:07785459b3bf8a48889eac0b4d0667ade84aef8930ce030bc7cbb32f41283b33", size = 734971, upload-time = "2026-01-13T03:12:20.912Z" },
    { url = "https://files.pythonhosted.org/packages/2c/04/6756442078ccfcd552ccce636be1574035e62f827ffa1f5d8a0382682546/pyinstaller-6.18.0-py3-none-manylinux2014_i686.whl", hash = "sha256:f998675b7ccb2dabbb1dc2d6f18af61d55428ad6d38e6c4d700417411b697d37", size = 746637, upload-time = "2026-01-13T03:12:29.302Z" },
    { url = "https://files.pythonhosted.org/packages/54/39/fbc56519000cdbf450f472692a7b9b55d42077ce8529f1be631db7b75a36/pyinstaller-6.18.0-py3-none-manylinux2014_ppc64le.whl", hash = "sha256:779817a0cf69604cddcdb5be1fd4959dc2ce048d6355c73e5da97884df2f3387", size = 744343, upload-time = "2026-01-13T03:12:33.369Z" },
    { url = "https://files.pythonhosted.org/packages/36/f2/50887badf282fee776e83d1e4feab74c026f50a1ea16e109ed939e32aa28/pyinstaller-6.18.0-py3-none-manylinux2014_s390x.whl", hash = "sha256:31b5d109f8405be0b7cddcede43e7b074792bc9a5bbd54ec000a3e779183c2af", size = 741084, upload-time = "2026-01-13T03:12:37.528Z" },
    { url = "https://files.pythonhosted.org/packages/1c/08/3a1419183e4713ef77d912ecbdd6ef858689ed9deb34d547133f724ca745/pyinstaller-6.18.0-py3-none-manylinux2014_x86_64.whl", hash = "sha256:4328c9837f1aef4fe1a127d4ff1b09a12ce53c827ce87c94117628b0e1fd098b", size = 740943, upload-time = "2026-01-13T03:12:41.589Z" },
    { url = "https://files.pythonhosted.org/packages/c2/47/309305e36d116f1434b42d91c420ff951fa79b2c398bbd59930c830450be/pyinstaller-6.18.0-py3-none-musllinux_1_1_aarch64.whl", hash = "sha256:3638fc81eb948e5e5eab1d4ad8f216e3fec6d4a350648304f0adb227b746ee5e", size = 740107, upload-time = "2026-01-13T03:12:45.694Z" },
    { url = "https://files.pythonhosted.org/packages/83/0f/a59a95cd1df59ddbc9e74d5a663387551333bcf19a5dd3086f5c81a2e83c/pyinstaller-6.18.0-py3-none-musllinux_1_1_x86_64.whl", hash = "sha256:8fbe59da34269e637f97fd3c43024f764586fc319141d245ff1a2e9af1036aa3", size = 739843, upload-time = "2026-01-13T03:12:49.728Z" },
    { url = "https://files.pythonhosted.org/packages/9a/09/e7a870e7205cdbd2f8785010a5d3fe48a9df2591156ee34a8b29b774fa14/pyinstaller-6.18.0-py3-none-win32.whl", hash = "sha256:496205e4fa92ec944f9696eb597962a83aef4d4c3479abfab83d730e1edf016b", size = 1323811, upload-time = "2026-01-13T03:12:55.717Z" },
    { url = "https://files.pythonhosted.org/packages/fb/d5/48eef2002b6d3937ceac2717fe17e9ca3a43a4c9826bafee367dfc75ba85/pyinstaller-6.18.0-py3-none-win_amd64.whl", hash = "sha256:976fabd90ecfbda47571c87055ad73413ec615ff7dea35e12a4304174de78de9", size = 1384389, upload-time = "2026-01-13T03:13:01.993Z" },
    { url = "https://files.pythonhosted.org/packages/1b/8d/1a88e6e94107de3ea1c842fd59c3aa132d344ad8e52ea458ffa9a748726e/pyinstaller-6.18.0-py3-none-win_arm64.whl", hash = "sha256:dba4b70e3c9ba09aab51152c72a08e58a751851548f77ad35944d32a300c8381", size = 1324869, upload-time = "2026-01-13T03:13:08.192Z" },
]

[[package]]
name = "pyinstaller-hooks-contrib"
version = "2026.0"
source = { registry = "https://pypi.org/simple" }
dependencies = [
    { name = "packaging" },
    { name = "setuptools" },
]
sdist = { url = "https://files.pythonhosted.org/packages/31/8f/8052ff65067697ee80fde45b9731842e160751c41ac5690ba232c22030e8/pyinstaller_hooks_contrib-2026.0.tar.gz", hash = "sha256:0120893de491a000845470ca9c0b39284731ac6bace26f6849dea9627aaed48e", size = 170311, upload-time = "2026-01-20T00:15:23.922Z" }
wheels = [
    { url = "https://files.pythonhosted.org/packages/d5/b1/9da6ec3e88696018ee7bb9dc4a7310c2cfaebf32923a19598cd342767c10/pyinstaller_hooks_contrib-2026.0-py3-none-any.whl", hash = "sha256:0590db8edeba3e6c30c8474937021f5cd39c0602b4d10f74a064c73911efaca5", size = 452318, upload-time = "2026-01-20T00:15:21.88Z" },
]

[[package]]
name = "pyrogram"
version = "2.0.106"
source = { registry = "https://pypi.org/simple" }
dependencies = [
    { name = "pyaes" },
    { name = "pysocks" },
]
sdist = { url = "https://files.pythonhosted.org/packages/c8/8e/5d09eca17271320bb9a95e50b7e053770aee85b3fd338e8267e7b6b280ae/Pyrogram-2.0.106.tar.gz", hash = "sha256:30202995758fcb6e0f91224704ab7fedefea454297724bd70a6a71a23748c16f", size = 345997, upload-time = "2023-04-30T18:24:45.506Z" }
wheels = [
    { url = "https://files.pythonhosted.org/packages/37/88/502ec24914d208e06baa6f27ff812f46815bb4f302018ad848ebf518abdf/Pyrogram-2.0.106-py3-none-any.whl", hash = "sha256:32b62b3d93030b1080cbe45b88c0e8790cf4e2179cf3321ede810d48edf97bc7", size = 3573685, upload-time = "2023-04-30T18:24:41.986Z" },
]

[[package]]
name = "pysocks"
version = "1.7.1"
source = { registry = "https://pypi.org/simple" }
sdist = { url = "https://files.pythonhosted.org/packages/bd/11/293dd436aea955d45fc4e8a35b6ae7270f5b8e00b53cf6c024c83b657a11/PySocks-1.7.1.tar.gz", hash = "sha256:3f8804571ebe159c380ac6de37643bb4685970655d3bba243530d6558b799aa0", size = 284429, upload-time = "2019-09-20T02:07:35.714Z" }
wheels = [
    { url = "https://files.pythonhosted.org/packages/8d/59/b4572118e098ac8e46e399a1dd0f2d85403ce8bbaad9ec79373ed6badaf9/PySocks-1.7.1-py3-none-any.whl", hash = "sha256:2725bd0a9925919b9b51739eea5f9e2bae91e83288108a9ad338b2e3a4435ee5", size = 16725, upload-time = "2019-09-20T02:06:22.938Z" },
]

[[package]]
name = "python-dotenv"
version = "1.2.1"
source = { registry = "https://pypi.org/simple" }
sdist = { url = "https://files.pythonhosted.org/packages/f0/26/19cadc79a718c5edbec86fd4919a6b6d3f681039a2f6d66d14be94e75fb9/python_dotenv-1.2.1.tar.gz", hash = "sha256:42667e897e16ab0d66954af0e60a9caa94f0fd4ecf3aaf6d2d260eec1aa36ad6", size = 44221, upload-time = "2025-10-26T15:12:10.434Z" }
wheels = [
    { url = "https://files.pythonhosted.org/packages/14/1b/a298b06749107c305e1fe0f814c6c74aea7b2f1e10989cb30f544a1b3253/python_dotenv-1.2.1-py3-none-any.whl", hash = "sha256:b81ee9561e9ca4004139c6cbba3a238c32b03e4894671e181b671e8cb8425d61", size = 21230, upload-time = "2025-10-26T15:12:09.109Z" },
]

[[package]]
name = "pywin32-ctypes"
version = "0.2.3"
source = { registry = "https://pypi.org/simple" }
sdist = { url = "https://files.pythonhosted.org/packages/85/9f/01a1a99704853cb63f253eea009390c88e7131c67e66a0a02099a8c917cb/pywin32-ctypes-0.2.3.tar.gz", hash = "sha256:d162dc04946d704503b2edc4d55f3dba5c1d539ead017afa00142c38b9885755", size = 29471, upload-time = "2024-08-14T10:15:34.626Z" }
wheels = [
    { url = "https://files.pythonhosted.org/packages/de/3d/8161f7711c017e01ac9f008dfddd9410dff3674334c233bde66e7ba65bbf/pywin32_ctypes-0.2.3-py3-none-any.whl", hash = "sha256:8a1513379d709975552d202d942d9837758905c8d01eb82b8bcc30918929e7b8", size = 30756, upload-time = "2024-08-14T10:15:33.187Z" },
]

[[package]]
name = "setuptools"
version = "81.0.0"
source = { registry = "https://pypi.org/simple" }
sdist = { url = "https://files.pythonhosted.org/packages/0d/1c/73e719955c59b8e424d015ab450f51c0af856ae46ea2da83eba51cc88de1/setuptools-81.0.0.tar.gz", hash = "sha256:487b53915f52501f0a79ccfd0c02c165ffe06631443a886740b91af4b7a5845a", size = 1198299, upload-time = "2026-02-06T21:10:39.601Z" }
wheels = [
    { url = "https://files.pythonhosted.org/packages/e1/e3/c164c88b2e5ce7b24d667b9bd83589cf4f3520d97cad01534cd3c4f55fdb/setuptools-81.0.0-py3-none-any.whl", hash = "sha256:fdd925d5c5d9f62e4b74b30d6dd7828ce236fd6ed998a08d81de62ce5a6310d6", size = 1062021, upload-time = "2026-02-06T21:10:37.175Z" },
]

[[package]]
name = "tg-userbot"
version = "0.1.0"
source = { virtual = "." }
dependencies = [
    { name = "asyncio" },
    { name = "dotenv" },
    { name = "pyrogram" },
    { name = "tgcrypto" },
    { name = "uvloop" },
]

[package.dev-dependencies]
dev = [
    { name = "pyinstaller" },
]

[package.metadata]
requires-dist = [
    { name = "asyncio", specifier = ">=4.0.0" },
    { name = "dotenv", specifier = ">=0.9.9" },
    { name = "pyrogram", specifier = ">=2.0.106" },
    { name = "tgcrypto", specifier = ">=1.2.5" },
    { name = "uvloop", specifier = ">=0.22.1" },
]

[package.metadata.requires-dev]
dev = [{ name = "pyinstaller", specifier = ">=6.18.0" }]

[[package]]
name = "tgcrypto"
version = "1.2.5"
source = { registry = "https://pypi.org/simple" }
sdist = { url = "https://files.pythonhosted.org/packages/33/59/7cf5ced989e3139a791d5452d58cb8994de589576b80f9267ba76d794f6c/TgCrypto-1.2.5.tar.gz", hash = "sha256:9bc2cac6fb9a12ef5b08f3dd500174fe374d89b660cce981f57e3138559cb682", size = 37280, upload-time = "2022-11-11T19:55:11.436Z" }
wheels = [
    { url = "https://files.pythonhosted.org/packages/48/e6/07dc413e57f3677e0b887975b174d9cbc8170e92651dd35a784da9571d5f/TgCrypto-1.2.5-cp311-cp311-macosx_10_9_universal2.whl", hash = "sha256:59597cdb1c87eb1184088563d20b42a8f2e431e9334fed64926079044ad2a4af", size = 58988, upload-time = "2022-11-11T19:51:41.686Z" },
    { url = "https://files.pythonhosted.org/packages/c1/fe/a418223ff6079184f50f5ad8c2dac37ec40adbb42b886c3ee44fdba2a540/TgCrypto-1.2.5-cp311-cp311-macosx_10_9_x86_64.whl", hash = "sha256:1283337ae75b02406dd700377b8b783e70033b548492517df6e6c4156b0ed69c", size = 43347, upload-time = "2022-11-11T19:51:43.662Z" },
    { url = "https://files.pythonhosted.org/packages/39/0e/e861a9987c6d9d3ae04d156732311e018558f862490c466c369d73094807/TgCrypto-1.2.5-cp311-cp311-macosx_11_0_arm64.whl", hash = "sha256:1735437df0023a40e5fdd95e6b09ce806ec8f2cd2f8879023818840dfae60cab", size = 43123, upload-time = "2022-11-11T19:51:45.094Z" },
    { url = "https://files.pythonhosted.org/packages/0d/ce/d60e249ac4d31d591f4c8ca76e7bd537f4c54f1947b400a14ac3a1678b09/TgCrypto-1.2.5-cp311-cp311-manylinux_2_17_x86_64.manylinux2014_x86_64.whl", hash = "sha256:cfa17a20206532c6d2442c9d7a7f6434120bd75896ad9a3e9b9277477afa084f", size = 60713, upload-time = "2022-11-11T19:51:46.411Z" },
    { url = "https://files.pythonhosted.org/packages/27/55/50f81b1a557bd8f9b73f7fcda2381f8826665858750968394ceec0b01282/TgCrypto-1.2.5-cp311-cp311-manylinux_2_5_i686.manylinux1_i686.manylinux_2_17_i686.manylinux2014_i686.whl", hash = "sha256:48da3674474839e5619e7430ff1f98aed9f55369f3cfaef7f65511852869572e", size = 60418, upload-time = "2022-11-11T19:51:47.872Z" },
    { url = "https://files.pythonhosted.org/packages/f3/55/7f5f5a024b71ef81b07c3fe15e79d03b634eb349b04bc79a62c8c3ed3376/TgCrypto-1.2.5-cp311-cp311-musllinux_1_1_i686.whl", hash = "sha256:b49e982e5b156be821a5235bd9102c00dc506a58607e2c8bd50ac872724a951f", size = 64397, upload-time = "2022-11-11T19:51:49.609Z" },
    { url = "https://files.pythonhosted.org/packages/76/3e/8f059edce82de8ebbc1e513076c0f65a86fac95887fae21ae087440ef23a/TgCrypto-1.2.5-cp311-cp311-musllinux_1_1_x86_64.whl", hash = "sha256:9d9f13586065a6d86d05c16409054033a84be208acee29b49f6f194e27b08642", size = 64436, upload-time = "2022-11-11T19:51:51.414Z" },
    { url = "https://files.pythonhosted.org/packages/eb/87/fe894eb7c4cce4b6f710223c24e0ca22f4107fe46f3f56091ceabd482de7/TgCrypto-1.2.5-cp311-cp311-win32.whl", hash = "sha256:10dd3870aecb1a783c6eafd3b164b2149dbc93a9ee13feb7e6f5c58f87c24cd0", size = 44723, upload-time = "2022-11-11T19:51:52.982Z" },
    { url = "https://files.pythonhosted.org/packages/c1/fc/b918235b19b70a45f4a596c773fad2c379d941d2ac5005293e2ee18bdc63/TgCrypto-1.2.5-cp311-cp311-win_amd64.whl", hash = "sha256:a1beec47d6af8b509af7cf266e30f7703208076076594714005b42d2c25225b3", size = 45073, upload-time = "2022-11-11T19:51:54.724Z" },
]

[[package]]
name = "uvloop"
version = "0.22.1"
source = { registry = "https://pypi.org/simple" }
sdist = { url = "https://files.pythonhosted.org/packages/06/f0/18d39dbd1971d6d62c4629cc7fa67f74821b0dc1f5a77af43719de7936a7/uvloop-0.22.1.tar.gz", hash = "sha256:6c84bae345b9147082b17371e3dd5d42775bddce91f885499017f4607fdaf39f", size = 2443250, upload-time = "2025-10-16T22:17:19.342Z" }
wheels = [
    { url = "https://files.pythonhosted.org/packages/c7/d5/69900f7883235562f1f50d8184bb7dd84a2fb61e9ec63f3782546fdbd057/uvloop-0.22.1-cp311-cp311-macosx_10_9_universal2.whl", hash = "sha256:c60ebcd36f7b240b30788554b6f0782454826a0ed765d8430652621b5de674b9", size = 1352420, upload-time = "2025-10-16T22:16:21.187Z" },
    { url = "https://files.pythonhosted.org/packages/a8/73/c4e271b3bce59724e291465cc936c37758886a4868787da0278b3b56b905/uvloop-0.22.1-cp311-cp311-macosx_10_9_x86_64.whl", hash = "sha256:3b7f102bf3cb1995cfeaee9321105e8f5da76fdb104cdad8986f85461a1b7b77", size = 748677, upload-time = "2025-10-16T22:16:22.558Z" },
    { url = "https://files.pythonhosted.org/packages/86/94/9fb7fad2f824d25f8ecac0d70b94d0d48107ad5ece03769a9c543444f78a/uvloop-0.22.1-cp311-cp311-manylinux2014_aarch64.manylinux_2_17_aarch64.manylinux_2_28_aarch64.whl", hash = "sha256:53c85520781d84a4b8b230e24a5af5b0778efdb39142b424990ff1ef7c48ba21", size = 3753819, upload-time = "2025-10-16T22:16:23.903Z" },
    { url = "https://files.pythonhosted.org/packages/74/4f/256aca690709e9b008b7108bc85fba619a2bc37c6d80743d18abad16ee09/uvloop-0.22.1-cp311-cp311-manylinux2014_x86_64.manylinux_2_17_x86_64.manylinux_2_28_x86_64.whl", hash = "sha256:56a2d1fae65fd82197cb8c53c367310b3eabe1bbb9fb5a04d28e3e3520e4f702", size = 3804529, upload-time = "2025-10-16T22:16:25.246Z" },
    { url = "https://files.pythonhosted.org/packages/7f/74/03c05ae4737e871923d21a76fe28b6aad57f5c03b6e6bfcfa5ad616013e4/uvloop-0.22.1-cp311-cp311-musllinux_1_2_aarch64.whl", hash = "sha256:40631b049d5972c6755b06d0bfe8233b1bd9a8a6392d9d1c45c10b6f9e9b2733", size = 3621267, upload-time = "2025-10-16T22:16:26.819Z" },
    { url = "https://files.pythonhosted.org/packages/75/be/f8e590fe61d18b4a92070905497aec4c0e64ae1761498cad09023f3f4b3e/uvloop-0.22.1-cp311-cp311-musllinux_1_2_x86_64.whl", hash = "sha256:535cc37b3a04f6cd2c1ef65fa1d370c9a35b6695df735fcff5427323f2cd5473", size = 3723105, upload-time = "2025-10-16T22:16:28.252Z" },
    { url = "https://files.pythonhosted.org/packages/3d/ff/7f72e8170be527b4977b033239a83a68d5c881cc4775fca255c677f7ac5d/uvloop-0.22.1-cp312-cp312-macosx_10_13_universal2.whl", hash = "sha256:fe94b4564e865d968414598eea1a6de60adba0c040ba4ed05ac1300de402cd42", size = 1359936, upload-time = "2025-10-16T22:16:29.436Z" },
    { url = "https://files.pythonhosted.org/packages/c3/c6/e5d433f88fd54d81ef4be58b2b7b0cea13c442454a1db703a1eea0db1a59/uvloop-0.22.1-cp312-cp312-macosx_10_13_x86_64.whl", hash = "sha256:51eb9bd88391483410daad430813d982010f9c9c89512321f5b60e2cddbdddd6", size = 752769, upload-time = "2025-10-16T22:16:30.493Z" },
    { url = "https://files.pythonhosted.org/packages/24/68/a6ac446820273e71aa762fa21cdcc09861edd3536ff47c5cd3b7afb10eeb/uvloop-0.22.1-cp312-cp312-manylinux2014_aarch64.manylinux_2_17_aarch64.manylinux_2_28_aarch64.whl", hash = "sha256:700e674a166ca5778255e0e1dc4e9d79ab2acc57b9171b79e65feba7184b3370", size = 4317413, upload-time = "2025-10-16T22:16:31.644Z" },
    { url = "https://files.pythonhosted.org/packages/5f/6f/e62b4dfc7ad6518e7eff2516f680d02a0f6eb62c0c212e152ca708a0085e/uvloop-0.22.1-cp312-cp312-manylinux2014_x86_64.manylinux_2_17_x86_64.manylinux_2_28_x86_64.whl", hash = "sha256:7b5b1ac819a3f946d3b2ee07f09149578ae76066d70b44df3fa990add49a82e4", size = 4426307, upload-time = "2025-10-16T22:16:32.917Z" },
    { url = "https://files.pythonhosted.org/packages/90/60/97362554ac21e20e81bcef1150cb2a7e4ffdaf8ea1e5b2e8bf7a053caa18/uvloop-0.22.1-cp312-cp312-musllinux_1_2_aarch64.whl", hash = "sha256:e047cc068570bac9866237739607d1313b9253c3051ad84738cbb095be0537b2", size = 4131970, upload-time = "2025-10-16T22:16:34.015Z" },
    { url = "https://files.pythonhosted.org/packages/99/39/6b3f7d234ba3964c428a6e40006340f53ba37993f46ed6e111c6e9141d18/uvloop-0.22.1-cp312-cp312-musllinux_1_2_x86_64.whl", hash = "sha256:512fec6815e2dd45161054592441ef76c830eddaad55c8aa30952e6fe1ed07c0", size = 4296343, upload-time = "2025-10-16T22:16:35.149Z" },
    { url = "https://files.pythonhosted.org/packages/89/8c/182a2a593195bfd39842ea68ebc084e20c850806117213f5a299dfc513d9/uvloop-0.22.1-cp313-cp313-macosx_10_13_universal2.whl", hash = "sha256:561577354eb94200d75aca23fbde86ee11be36b00e52a4eaf8f50fb0c86b7705", size = 1358611, upload-time = "2025-10-16T22:16:36.833Z" },
    { url = "https://files.pythonhosted.org/packages/d2/14/e301ee96a6dc95224b6f1162cd3312f6d1217be3907b79173b06785f2fe7/uvloop-0.22.1-cp313-cp313-macosx_10_13_x86_64.whl", hash = "sha256:1cdf5192ab3e674ca26da2eada35b288d2fa49fdd0f357a19f0e7c4e7d5077c8", size = 751811, upload-time = "2025-10-16T22:16:38.275Z" },
    { url = "https://files.pythonhosted.org/packages/b7/02/654426ce265ac19e2980bfd9ea6590ca96a56f10c76e63801a2df01c0486/uvloop-0.22.1-cp313-cp313-manylinux2014_aarch64.manylinux_2_17_aarch64.manylinux_2_28_aarch64.whl", hash = "sha256:6e2ea3d6190a2968f4a14a23019d3b16870dd2190cd69c8180f7c632d21de68d", size = 4288562, upload-time = "2025-10-16T22:16:39.375Z" },
    { url = "https://files.pythonhosted.org/packages/15/c0/0be24758891ef825f2065cd5db8741aaddabe3e248ee6acc5e8a80f04005/uvloop-0.22.1-cp313-cp313-manylinux2014_x86_64.manylinux_2_17_x86_64.manylinux_2_28_x86_64.whl", hash = "sha256:0530a5fbad9c9e4ee3f2b33b148c6a64d47bbad8000ea63704fa8260f4cf728e", size = 4366890, upload-time = "2025-10-16T22:16:40.547Z" },
    { url = "https://files.pythonhosted.org/packages/d2/53/8369e5219a5855869bcee5f4d317f6da0e2c669aecf0ef7d371e3d084449/uvloop-0.22.1-cp313-cp313-musllinux_1_2_aarch64.whl", hash = "sha256:bc5ef13bbc10b5335792360623cc378d52d7e62c2de64660616478c32cd0598e", size = 4119472, upload-time = "2025-10-16T22:16:41.694Z" },
    { url = "https://files.pythonhosted.org/packages/f8/ba/d69adbe699b768f6b29a5eec7b47dd610bd17a69de51b251126a801369ea/uvloop-0.22.1-cp313-cp313-musllinux_1_2_x86_64.whl", hash = "sha256:1f38ec5e3f18c8a10ded09742f7fb8de0108796eb673f30ce7762ce1b8550cad", size = 4239051, upload-time = "2025-10-16T22:16:43.224Z" },
    { url = "https://files.pythonhosted.org/packages/90/cd/b62bdeaa429758aee8de8b00ac0dd26593a9de93d302bff3d21439e9791d/uvloop-0.22.1-cp314-cp314-macosx_10_13_universal2.whl", hash = "sha256:3879b88423ec7e97cd4eba2a443aa26ed4e59b45e6b76aabf13fe2f27023a142", size = 1362067, upload-time = "2025-10-16T22:16:44.503Z" },
    { url = "https://files.pythonhosted.org/packages/0d/f8/a132124dfda0777e489ca86732e85e69afcd1ff7686647000050ba670689/uvloop-0.22.1-cp314-cp314-macosx_10_13_x86_64.whl", hash = "sha256:4baa86acedf1d62115c1dc6ad1e17134476688f08c6efd8a2ab076e815665c74", size = 752423, upload-time = "2025-10-16T22:16:45.968Z" },
    { url = "https://files.pythonhosted.org/packages/a3/94/94af78c156f88da4b3a733773ad5ba0b164393e357cc4bd0ab2e2677a7d6/uvloop-0.22.1-cp314-cp314-manylinux2014_aarch64.manylinux_2_17_aarch64.manylinux_2_28_aarch64.whl", hash = "sha256:297c27d8003520596236bdb2335e6b3f649480bd09e00d1e3a99144b691d2a35", size = 4272437, upload-time = "2025-10-16T22:16:47.451Z" },
    { url = "https://files.pythonhosted.org/packages/b5/35/60249e9fd07b32c665192cec7af29e06c7cd96fa1d08b84f012a56a0b38e/uvloop-0.22.1-cp314-cp314-manylinux2014_x86_64.manylinux_2_17_x86_64.manylinux_2_28_x86_64.whl", hash = "sha256:c1955d5a1dd43198244d47664a5858082a3239766a839b2102a269aaff7a4e25", size = 4292101, upload-time = "2025-10-16T22:16:49.318Z" },
    { url = "https://files.pythonhosted.org/packages/02/62/67d382dfcb25d0a98ce73c11ed1a6fba5037a1a1d533dcbb7cab033a2636/uvloop-0.22.1-cp314-cp314-musllinux_1_2_aarch64.whl", hash = "sha256:b31dc2fccbd42adc73bc4e7cdbae4fc5086cf378979e53ca5d0301838c5682c6", size = 4114158, upload-time = "2025-10-16T22:16:50.517Z" },
    { url = "https://files.pythonhosted.org/packages/f0/7a/f1171b4a882a5d13c8b7576f348acfe6074d72eaf52cccef752f748d4a9f/uvloop-0.22.1-cp314-cp314-musllinux_1_2_x86_64.whl", hash = "sha256:93f617675b2d03af4e72a5333ef89450dfaa5321303ede6e67ba9c9d26878079", size = 4177360, upload-time = "2025-10-16T22:16:52.646Z" },
    { url = "https://files.pythonhosted.org/packages/79/7b/b01414f31546caf0919da80ad57cbfe24c56b151d12af68cee1b04922ca8/uvloop-0.22.1-cp314-cp314t-macosx_10_13_universal2.whl", hash = "sha256:37554f70528f60cad66945b885eb01f1bb514f132d92b6eeed1c90fd54ed6289", size = 1454790, upload-time = "2025-10-16T22:16:54.355Z" },
    { url = "https://files.pythonhosted.org/packages/d4/31/0bb232318dd838cad3fa8fb0c68c8b40e1145b32025581975e18b11fab40/uvloop-0.22.1-cp314-cp314t-macosx_10_13_x86_64.whl", hash = "sha256:b76324e2dc033a0b2f435f33eb88ff9913c156ef78e153fb210e03c13da746b3", size = 796783, upload-time = "2025-10-16T22:16:55.906Z" },
    { url = "https://files.pythonhosted.org/packages/42/38/c9b09f3271a7a723a5de69f8e237ab8e7803183131bc57c890db0b6bb872/uvloop-0.22.1-cp314-cp314t-manylinux2014_aarch64.manylinux_2_17_aarch64.manylinux_2_28_aarch64.whl", hash = "sha256:badb4d8e58ee08dad957002027830d5c3b06aea446a6a3744483c2b3b745345c", size = 4647548, upload-time = "2025-10-16T22:16:57.008Z" },
    { url = "https://files.pythonhosted.org/packages/c1/37/945b4ca0ac27e3dc4952642d4c900edd030b3da6c9634875af6e13ae80e5/uvloop-0.22.1-cp314-cp314t-manylinux2014_x86_64.manylinux_2_17_x86_64.manylinux_2_28_x86_64.whl", hash = "sha256:b91328c72635f6f9e0282e4a57da7470c7350ab1c9f48546c0f2866205349d21", size = 4467065, upload-time = "2025-10-16T22:16:58.206Z" },
    { url = "https://files.pythonhosted.org/packages/97/cc/48d232f33d60e2e2e0b42f4e73455b146b76ebe216487e862700457fbf3c/uvloop-0.22.1-cp314-cp314t-musllinux_1_2_aarch64.whl", hash = "sha256:daf620c2995d193449393d6c62131b3fbd40a63bf7b307a1527856ace637fe88", size = 4328384, upload-time = "2025-10-16T22:16:59.36Z" },
    { url = "https://files.pythonhosted.org/packages/e4/16/c1fd27e9549f3c4baf1dc9c20c456cd2f822dbf8de9f463824b0c0357e06/uvloop-0.22.1-cp314-cp314t-musllinux_1_2_x86_64.whl", hash = "sha256:6cde23eeda1a25c75b2e07d39970f3374105d5eafbaab2a4482be82f272d5a5e", size = 4296730, upload-time = "2025-10-16T22:17:00.744Z" },
]
